Microsoft Visual Studio Solution File, Format Version 12.00
# Visual Studio Version 17
VisualStudioVersion = 17.5.2.0
MinimumVisualStudioVersion = 10.0.40219.1
Project("{FAE04EC0-301F-11D3-BF4B-00C04F79EFBC}") = "StatsApp", "StatsApp.csproj", "{D16E692F-B0D4-0635-5F9D-025A7B2F038C}"
EndProject
Global
	GlobalSection(SolutionConfigurationPlatforms) = preSolution
		Debug|Any CPU = Debug|Any CPU
		Release|Any CPU = Release|Any CPU
	EndGlobalSection
	GlobalSection(ProjectConfigurationPlatforms) = postSolution
		{D16E692F-B0D4-0635-5F9D-025A7B2F038C}.Debug|Any CPU.ActiveCfg = Debug|Any CPU
		{D16E692F-B0D4-0635-5F9D-025A7B2F038C}.Debug|Any CPU.Build.0 = Debug|Any CPU
		{D16E692F-B0D4-0635-5F9D-025A7B2F038C}.Release|Any CPU.ActiveCfg = Release|Any CPU
		{D16E692F-B0D4-0635-5F9D-025A7B2F038C}.Release|Any CPU.Build.0 = Release|Any CPU
	EndGlobalSection
	GlobalSection(SolutionProperties) = preSolution
		HideSolutionNode = FALSE
	EndGlobalSection
	GlobalSection(ExtensibilityGlobals) = postSolution
		SolutionGuid = {581CB103-4E9B-400B-B51F-A9CE51110215}
	EndGlobalSection
EndGlobal
